
Microsoft Visual Studio Solution File, Format Version 12.00
# Visual Studio Version 17
VisualStudioVersion = 17.0.31903.59
MinimumVisualStudioVersion = 10.0.40219.1
Project("{FAE04EC0-301F-11D3-BF4B-00C04F79EFBC}") = "TaskFlow.API", "TaskFlow.API\TaskFlow.API.csproj", "{A39D5AAB-8A8F-40A1-AF8D-C4AF3D69B2E0}"
EndProject
Project("{FAE04EC0-301F-11D3-BF4B-00C04F79EFBC}") = "TaskFlow.Application", "TaskFlow.Application\TaskFlow.Application.csproj", "{516297B2-95F4-4532-9ECB-882423E620AF}"
EndProject
Project("{FAE04EC0-301F-11D3-BF4B-00C04F79EFBC}") = "TaskFlow.Domain", "TaskFlow.Domain\TaskFlow.Domain.csproj", "{CE144151-0FBA-4100-B6FD-290AD280A92B}"
EndProject
Project("{FAE04EC0-301F-11D3-BF4B-00C04F79EFBC}") = "TaskFlow.Infrastructure", "TaskFlow.Infrastructure\TaskFlow.Infrastructure.csproj", "{C6A93E2E-A0AB-4969-9E58-6F698B75D9CD}"
EndProject
Global
	GlobalSection(SolutionConfigurationPlatforms) = preSolution
		Debug|Any CPU = Debug|Any CPU
		Release|Any CPU = Release|Any CPU
	EndGlobalSection
	GlobalSection(SolutionProperties) = preSolution
		HideSolutionNode = FALSE
	EndGlobalSection
	GlobalSection(ProjectConfigurationPlatforms) = postSolution
		{A39D5AAB-8A8F-40A1-AF8D-C4AF3D69B2E0}.Debug|Any CPU.ActiveCfg = Debug|Any CPU
		{A39D5AAB-8A8F-40A1-AF8D-C4AF3D69B2E0}.Debug|Any CPU.Build.0 = Debug|Any CPU
		{A39D5AAB-8A8F-40A1-AF8D-C4AF3D69B2E0}.Release|Any CPU.ActiveCfg = Release|Any CPU
		{A39D5AAB-8A8F-40A1-AF8D-C4AF3D69B2E0}.Release|Any CPU.Build.0 = Release|Any CPU
		{516297B2-95F4-4532-9ECB-882423E620AF}.Debug|Any CPU.ActiveCfg = Debug|Any CPU
		{516297B2-95F4-4532-9ECB-882423E620AF}.Debug|Any CPU.Build.0 = Debug|Any CPU
		{516297B2-95F4-4532-9ECB-882423E620AF}.Release|Any CPU.ActiveCfg = Release|Any CPU
		{516297B2-95F4-4532-9ECB-882423E620AF}.Release|Any CPU.Build.0 = Release|Any CPU
		{CE144151-0FBA-4100-B6FD-290AD280A92B}.Debug|Any CPU.ActiveCfg = Debug|Any CPU
		{CE144151-0FBA-4100-B6FD-290AD280A92B}.Debug|Any CPU.Build.0 = Debug|Any CPU
		{CE144151-0FBA-4100-B6FD-290AD280A92B}.Release|Any CPU.ActiveCfg = Release|Any CPU
		{CE144151-0FBA-4100-B6FD-290AD280A92B}.Release|Any CPU.Build.0 = Release|Any CPU
		{C6A93E2E-A0AB-4969-9E58-6F698B75D9CD}.Debug|Any CPU.ActiveCfg = Debug|Any CPU
		{C6A93E2E-A0AB-4969-9E58-6F698B75D9CD}.Debug|Any CPU.Build.0 = Debug|Any CPU
		{C6A93E2E-A0AB-4969-9E58-6F698B75D9CD}.Release|Any CPU.ActiveCfg = Release|Any CPU
		{C6A93E2E-A0AB-4969-9E58-6F698B75D9CD}.Release|Any CPU.Build.0 = Release|Any CPU
	EndGlobalSection
EndGlobal
